{
  "name": "csd-pool-wallet-signer",
  "version": "0.1.0",
  "lockfileVersion": 3,
  "requires": true,
  "packages": {
    "": {
      "name": "csd-pool-wallet-signer",
      "version": "0.1.0",
      "dependencies": {
        "@inversealtruism/csd-client": "0.1.15",
        "@inversealtruism/csd-crypto": "0.1.15",
        "@inversealtruism/csd-tx": "0.1.16"
      },
      "engines": {
        "node": ">=18"
      }
    },
    "node_modules/@inversealtruism/csd-client": {
      "version": "0.1.15",
      "resolved": "https://registry.npmjs.org/@inversealtruism/csd-client/-/csd-client-0.1.15.tgz",
      "integrity": "sha512-UyS3zzk7edCvw3nkRSRjgr2j/J6DYbsI37ieZkCVkuUjZJyH1wvYx1mxzNr/JWA7r8NiLSBLK/xTWbDn0imH2g==",
      "license": "MIT",
      "dependencies": {
        "@inversealtruism/csd-codec": "0.1.15"
      },
      "engines": {
        "node": ">=18"
      }
    },
    "node_modules/@inversealtruism/csd-codec": {
      "version": "0.1.15",
      "resolved": "https://registry.npmjs.org/@inversealtruism/csd-codec/-/csd-codec-0.1.15.tgz",
      "integrity": "sha512-uvnqekVe50Q8bFibwaXYPM9anWm7y8mGCHZiKsS/Muvk6w4RfcghRNBXjF2qaLlC4ZhgCu1qpB7kh9WBZCVabg==",
      "license": "MIT",
      "dependencies": {
        "@noble/hashes": "1.8.0"
      },
      "engines": {
        "node": ">=18"
      }
    },
    "node_modules/@inversealtruism/csd-crypto": {
      "version": "0.1.15",
      "resolved": "https://registry.npmjs.org/@inversealtruism/csd-crypto/-/csd-crypto-0.1.15.tgz",
      "integrity": "sha512-9VUXoZ3BcQvC19wediD6ukC5d30hjfghkSR5x7vo//qxxdKyzXcnqrdnLpoovscBth+hllMgKZ0k8ypVBbHeGw==",
      "license": "MIT",
      "dependencies": {
        "@inversealtruism/csd-codec": "0.1.15",
        "@noble/curves": "1.9.7",
        "@noble/hashes": "1.8.0"
      },
      "engines": {
        "node": ">=18"
      }
    },
    "node_modules/@inversealtruism/csd-tx": {
      "version": "0.1.16",
      "resolved": "https://registry.npmjs.org/@inversealtruism/csd-tx/-/csd-tx-0.1.16.tgz",
      "integrity": "sha512-fCkunlgKOKBFuhlHR+GzEv9t3H6tyjMy0883OJCN51NK0zhC9iQfoip34fT4XBQ975WGu93OYu3sqhhuz+9t7w==",
      "license": "MIT",
      "dependencies": {
        "@inversealtruism/csd-codec": "0.1.15",
        "@inversealtruism/csd-crypto": "0.1.15"
      },
      "engines": {
        "node": ">=18"
      }
    },
    "node_modules/@noble/curves": {
      "version": "1.9.7",
      "resolved": "https://registry.npmjs.org/@noble/curves/-/curves-1.9.7.tgz",
      "integrity": "sha512-gbKGcRUYIjA3/zCCNaWDciTMFI0dCkvou3TL8Zmy5Nc7sJ47a0jtOeZoTaMxkuqRo9cRhjOdZJXegxYE5FN/xw==",
      "license": "MIT",
      "dependencies": {
        "@noble/hashes": "1.8.0"
      },
      "engines": {
        "node": "^14.21.3 || >=16"
      },
      "funding": {
        "url": "https://paulmillr.com/funding/"
      }
    },
    "node_modules/@noble/hashes": {
      "version": "1.8.0",
      "resolved": "https://registry.npmjs.org/@noble/hashes/-/hashes-1.8.0.tgz",
      "integrity": "sha512-jCs9ldd7NwzpgXDIf6P3+NrHh9/sD6CQdxHyjQI+h/6rDNo88ypBxxz45UDuZHz9r3tNz7N/VInSVoVdtXEI4A==",
      "license": "MIT",
      "engines": {
        "node": "^14.21.3 || >=16"
      },
      "funding": {
        "url": "https://paulmillr.com/funding/"
      }
    }
  }
}
